
Microsoft Visual Studio Solution File, Format Version 12.00
# Visual Studio Version 17
VisualStudioVersion = 17.14.36518.9
MinimumVisualStudioVersion = 10.0.40219.1
Project("{2150E333-8FDC-42A3-9474-1A3956D46DE8}") = "contracts", "contracts", "{02EA681E-C7D8-13C7-8484-4AC65E1B71E8}"
EndProject
Project("{2150E333-8FDC-42A3-9474-1A3956D46DE8}") = "src", "src", "{1DBE95B8-EEB0-40A0-833F-FAB541D52134}"
EndProject
Project("{FAE04EC0-301F-11D3-BF4B-00C04F79EFBC}") = "ContractManager.Api", "src\contracts\ContractManager.Api\ContractManager.Api.csproj", "{D373E7AF-1249-7203-0D9A-350EC50DED60}"
	ProjectSection(ProjectDependencies) = postProject
		{36716AFF-71E2-612B-2069-C84BCABC08E3} = {36716AFF-71E2-612B-2069-C84BCABC08E3}
		{47569747-7E78-4ED6-8A52-8123730893EE} = {47569747-7E78-4ED6-8A52-8123730893EE}
		{866C1F7F-47A7-46C2-DF29-18FC1F016ED1} = {866C1F7F-47A7-46C2-DF29-18FC1F016ED1}
		{B2A35D6A-0257-49C2-B03C-F273745658AD} = {B2A35D6A-0257-49C2-B03C-F273745658AD}
	EndProjectSection
EndProject
Project("{FAE04EC0-301F-11D3-BF4B-00C04F79EFBC}") = "ContractManager.Application", "src\contracts\ContractManager.Application\ContractManager.Application.csproj", "{866C1F7F-47A7-46C2-DF29-18FC1F016ED1}"
	ProjectSection(ProjectDependencies) = postProject
		{09F25945-4606-23A6-3F53-5C014B0C86DF} = {09F25945-4606-23A6-3F53-5C014B0C86DF}
		{19A0779B-1645-43DD-A405-111D5CB1F10A} = {19A0779B-1645-43DD-A405-111D5CB1F10A}
		{49BB9E8A-B5D7-43BE-928B-19AE680C70C4} = {49BB9E8A-B5D7-43BE-928B-19AE680C70C4}
		{894D5B16-B41C-4C0E-A956-CC2079E9B263} = {894D5B16-B41C-4C0E-A956-CC2079E9B263}
		{A5A15186-CC2F-4730-87E1-ABCF3BCA491E} = {A5A15186-CC2F-4730-87E1-ABCF3BCA491E}
	EndProjectSection
EndProject
Project("{FAE04EC0-301F-11D3-BF4B-00C04F79EFBC}") = "ContractManager.Data", "src\contracts\ContractManager.Data\ContractManager.Data.csproj", "{09F25945-4606-23A6-3F53-5C014B0C86DF}"
	ProjectSection(ProjectDependencies) = postProject
		{19A0779B-1645-43DD-A405-111D5CB1F10A} = {19A0779B-1645-43DD-A405-111D5CB1F10A}
	EndProjectSection
EndProject
Project("{FAE04EC0-301F-11D3-BF4B-00C04F79EFBC}") = "ContractManager.Data.EF", "src\contracts\ContractManager.Data.EF\ContractManager.Data.EF.csproj", "{36716AFF-71E2-612B-2069-C84BCABC08E3}"
	ProjectSection(ProjectDependencies) = postProject
		{866C1F7F-47A7-46C2-DF29-18FC1F016ED1} = {866C1F7F-47A7-46C2-DF29-18FC1F016ED1}
		{E7561E9A-6695-4C2E-A252-D870EA25B27C} = {E7561E9A-6695-4C2E-A252-D870EA25B27C}
	EndProjectSection
EndProject
Project("{2150E333-8FDC-42A3-9474-1A3956D46DE8}") = "shared", "shared", "{38FE9A30-64C2-4B2A-96C4-FA90D6A63F9A}"
EndProject
Project("{FAE04EC0-301F-11D3-BF4B-00C04F79EFBC}") = "ContractManager.Shared.Api", "src\shared\ContractManager.Shared.Api\ContractManager.Shared.Api.csproj", "{B2A35D6A-0257-49C2-B03C-F273745658AD}"
	ProjectSection(ProjectDependencies) = postProject
		{19A0779B-1645-43DD-A405-111D5CB1F10A} = {19A0779B-1645-43DD-A405-111D5CB1F10A}
		{A5A15186-CC2F-4730-87E1-ABCF3BCA491E} = {A5A15186-CC2F-4730-87E1-ABCF3BCA491E}
	EndProjectSection
EndProject
Project("{FAE04EC0-301F-11D3-BF4B-00C04F79EFBC}") = "ContractManager.Shared.Application", "src\shared\ContractManager.Shared.Application\ContractManager.Shared.Application.csproj", "{A5A15186-CC2F-4730-87E1-ABCF3BCA491E}"
	ProjectSection(ProjectDependencies) = postProject
		{19A0779B-1645-43DD-A405-111D5CB1F10A} = {19A0779B-1645-43DD-A405-111D5CB1F10A}
		{49BB9E8A-B5D7-43BE-928B-19AE680C70C4} = {49BB9E8A-B5D7-43BE-928B-19AE680C70C4}
		{E7561E9A-6695-4C2E-A252-D870EA25B27C} = {E7561E9A-6695-4C2E-A252-D870EA25B27C}
	EndProjectSection
EndProject
Project("{FAE04EC0-301F-11D3-BF4B-00C04F79EFBC}") = "ContractManager.Shared.Core", "src\shared\ContractManager.Shared.Core\ContractManager.Shared.Core.csproj", "{19A0779B-1645-43DD-A405-111D5CB1F10A}"
EndProject
Project("{FAE04EC0-301F-11D3-BF4B-00C04F79EFBC}") = "ContractManager.Shared.Data", "src\shared\ContractManager.Shared.Data\ContractManager.Shared.Data.csproj", "{E7561E9A-6695-4C2E-A252-D870EA25B27C}"
	ProjectSection(ProjectDependencies) = postProject
		{19A0779B-1645-43DD-A405-111D5CB1F10A} = {19A0779B-1645-43DD-A405-111D5CB1F10A}
	EndProjectSection
EndProject
Project("{FAE04EC0-301F-11D3-BF4B-00C04F79EFBC}") = "ContractManager.Shared.Sdk", "src\shared\ContractManager.Shared.Sdk\ContractManager.Shared.Sdk.csproj", "{49BB9E8A-B5D7-43BE-928B-19AE680C70C4}"
	ProjectSection(ProjectDependencies) = postProject
		{19A0779B-1645-43DD-A405-111D5CB1F10A} = {19A0779B-1645-43DD-A405-111D5CB1F10A}
	EndProjectSection
EndProject
Project("{E53339B2-1760-4266-BCC7-CA923CBCF16C}") = "docker-compose", "docker-compose.dcproj", "{81DDED9D-158B-E303-5F62-77A2896D2A5A}"
EndProject
Project("{FAE04EC0-301F-11D3-BF4B-00C04F79EFBC}") = "ContractManager.Messaging", "src\contracts\ContractManager.Messaging\ContractManager.Messaging.csproj", "{894D5B16-B41C-4C0E-A956-CC2079E9B263}"
EndProject
Project("{FAE04EC0-301F-11D3-BF4B-00C04F79EFBC}") = "ContractManager.Shared.Infrastructure", "src\shared\ContractManager.Shared.Infrastructure\ContractManager.Shared.Infrastructure.csproj", "{47569747-7E78-4ED6-8A52-8123730893EE}"
	ProjectSection(ProjectDependencies) = postProject
		{19A0779B-1645-43DD-A405-111D5CB1F10A} = {19A0779B-1645-43DD-A405-111D5CB1F10A}
	EndProjectSection
EndProject
Project("{2150E333-8FDC-42A3-9474-1A3956D46DE8}") = "tests", "tests", "{A7E9BA92-A42E-4D00-B913-724EED674C97}"
EndProject
Project("{FAE04EC0-301F-11D3-BF4B-00C04F79EFBC}") = "ContractManager.Api.Tests", "tests\ContractManager.Api.Tests\ContractManager.Api.Tests.csproj", "{A0B057D1-3EA3-4185-BFFB-A91E4CFD3751}"
	ProjectSection(ProjectDependencies) = postProject
		{D373E7AF-1249-7203-0D9A-350EC50DED60} = {D373E7AF-1249-7203-0D9A-350EC50DED60}
	EndProjectSection
EndProject
Project("{FAE04EC0-301F-11D3-BF4B-00C04F79EFBC}") = "ContractManager.Integration.Tests", "tests\ContractManager.Integration.Tests\ContractManager.Integration.Tests.csproj", "{A3826808-527C-4E09-96F0-C5574BE3B912}"
EndProject
Global
	GlobalSection(SolutionConfigurationPlatforms) = preSolution
		Debug|Any CPU = Debug|Any CPU
		Release|Any CPU = Release|Any CPU
	EndGlobalSection
	GlobalSection(ProjectConfigurationPlatforms) = postSolution
		{D373E7AF-1249-7203-0D9A-350EC50DED60}.Debug|Any CPU.ActiveCfg = Debug|Any CPU
		{D373E7AF-1249-7203-0D9A-350EC50DED60}.Debug|Any CPU.Build.0 = Debug|Any CPU
		{D373E7AF-1249-7203-0D9A-350EC50DED60}.Release|Any CPU.ActiveCfg = Release|Any CPU
		{D373E7AF-1249-7203-0D9A-350EC50DED60}.Release|Any CPU.Build.0 = Release|Any CPU
		{866C1F7F-47A7-46C2-DF29-18FC1F016ED1}.Debug|Any CPU.ActiveCfg = Debug|Any CPU
		{866C1F7F-47A7-46C2-DF29-18FC1F016ED1}.Debug|Any CPU.Build.0 = Debug|Any CPU
		{866C1F7F-47A7-46C2-DF29-18FC1F016ED1}.Release|Any CPU.ActiveCfg = Release|Any CPU
		{866C1F7F-47A7-46C2-DF29-18FC1F016ED1}.Release|Any CPU.Build.0 = Release|Any CPU
		{09F25945-4606-23A6-3F53-5C014B0C86DF}.Debug|Any CPU.ActiveCfg = Debug|Any CPU
		{09F25945-4606-23A6-3F53-5C014B0C86DF}.Debug|Any CPU.Build.0 = Debug|Any CPU
		{09F25945-4606-23A6-3F53-5C014B0C86DF}.Release|Any CPU.ActiveCfg = Release|Any CPU
		{09F25945-4606-23A6-3F53-5C014B0C86DF}.Release|Any CPU.Build.0 = Release|Any CPU
		{36716AFF-71E2-612B-2069-C84BCABC08E3}.Debug|Any CPU.ActiveCfg = Debug|Any CPU
		{36716AFF-71E2-612B-2069-C84BCABC08E3}.Debug|Any CPU.Build.0 = Debug|Any CPU
		{36716AFF-71E2-612B-2069-C84BCABC08E3}.Release|Any CPU.ActiveCfg = Release|Any CPU
		{36716AFF-71E2-612B-2069-C84BCABC08E3}.Release|Any CPU.Build.0 = Release|Any CPU
		{B2A35D6A-0257-49C2-B03C-F273745658AD}.Debug|Any CPU.ActiveCfg = Debug|Any CPU
		{B2A35D6A-0257-49C2-B03C-F273745658AD}.Debug|Any CPU.Build.0 = Debug|Any CPU
		{B2A35D6A-0257-49C2-B03C-F273745658AD}.Release|Any CPU.ActiveCfg = Release|Any CPU
		{B2A35D6A-0257-49C2-B03C-F273745658AD}.Release|Any CPU.Build.0 = Release|Any CPU
		{A5A15186-CC2F-4730-87E1-ABCF3BCA491E}.Debug|Any CPU.ActiveCfg = Debug|Any CPU
		{A5A15186-CC2F-4730-87E1-ABCF3BCA491E}.Debug|Any CPU.Build.0 = Debug|Any CPU
		{A5A15186-CC2F-4730-87E1-ABCF3BCA491E}.Release|Any CPU.ActiveCfg = Release|Any CPU
		{A5A15186-CC2F-4730-87E1-ABCF3BCA491E}.Release|Any CPU.Build.0 = Release|Any CPU
		{19A0779B-1645-43DD-A405-111D5CB1F10A}.Debug|Any CPU.ActiveCfg = Debug|Any CPU
		{19A0779B-1645-43DD-A405-111D5CB1F10A}.Debug|Any CPU.Build.0 = Debug|Any CPU
		{19A0779B-1645-43DD-A405-111D5CB1F10A}.Release|Any CPU.ActiveCfg = Release|Any CPU
		{19A0779B-1645-43DD-A405-111D5CB1F10A}.Release|Any CPU.Build.0 = Release|Any CPU
		{E7561E9A-6695-4C2E-A252-D870EA25B27C}.Debug|Any CPU.ActiveCfg = Debug|Any CPU
		{E7561E9A-6695-4C2E-A252-D870EA25B27C}.Debug|Any CPU.Build.0 = Debug|Any CPU
		{E7561E9A-6695-4C2E-A252-D870EA25B27C}.Release|Any CPU.ActiveCfg = Release|Any CPU
		{E7561E9A-6695-4C2E-A252-D870EA25B27C}.Release|Any CPU.Build.0 = Release|Any CPU
		{49BB9E8A-B5D7-43BE-928B-19AE680C70C4}.Debug|Any CPU.ActiveCfg = Debug|Any CPU
		{49BB9E8A-B5D7-43BE-928B-19AE680C70C4}.Debug|Any CPU.Build.0 = Debug|Any CPU
		{49BB9E8A-B5D7-43BE-928B-19AE680C70C4}.Release|Any CPU.ActiveCfg = Release|Any CPU
		{49BB9E8A-B5D7-43BE-928B-19AE680C70C4}.Release|Any CPU.Build.0 = Release|Any CPU
		{81DDED9D-158B-E303-5F62-77A2896D2A5A}.Debug|Any CPU.ActiveCfg = Debug|Any CPU
		{81DDED9D-158B-E303-5F62-77A2896D2A5A}.Debug|Any CPU.Build.0 = Debug|Any CPU
		{81DDED9D-158B-E303-5F62-77A2896D2A5A}.Release|Any CPU.ActiveCfg = Release|Any CPU
		{81DDED9D-158B-E303-5F62-77A2896D2A5A}.Release|Any CPU.Build.0 = Release|Any CPU
		{894D5B16-B41C-4C0E-A956-CC2079E9B263}.Debug|Any CPU.ActiveCfg = Debug|Any CPU
		{894D5B16-B41C-4C0E-A956-CC2079E9B263}.Debug|Any CPU.Build.0 = Debug|Any CPU
		{894D5B16-B41C-4C0E-A956-CC2079E9B263}.Release|Any CPU.ActiveCfg = Release|Any CPU
		{894D5B16-B41C-4C0E-A956-CC2079E9B263}.Release|Any CPU.Build.0 = Release|Any CPU
		{47569747-7E78-4ED6-8A52-8123730893EE}.Debug|Any CPU.ActiveCfg = Debug|Any CPU
		{47569747-7E78-4ED6-8A52-8123730893EE}.Debug|Any CPU.Build.0 = Debug|Any CPU
		{47569747-7E78-4ED6-8A52-8123730893EE}.Release|Any CPU.ActiveCfg = Release|Any CPU
		{47569747-7E78-4ED6-8A52-8123730893EE}.Release|Any CPU.Build.0 = Release|Any CPU
		{A0B057D1-3EA3-4185-BFFB-A91E4CFD3751}.Debug|Any CPU.ActiveCfg = Debug|Any CPU
		{A0B057D1-3EA3-4185-BFFB-A91E4CFD3751}.Debug|Any CPU.Build.0 = Debug|Any CPU
		{A0B057D1-3EA3-4185-BFFB-A91E4CFD3751}.Release|Any CPU.ActiveCfg = Release|Any CPU
		{A0B057D1-3EA3-4185-BFFB-A91E4CFD3751}.Release|Any CPU.Build.0 = Release|Any CPU
		{A3826808-527C-4E09-96F0-C5574BE3B912}.Debug|Any CPU.ActiveCfg = Debug|Any CPU
		{A3826808-527C-4E09-96F0-C5574BE3B912}.Debug|Any CPU.Build.0 = Debug|Any CPU
		{A3826808-527C-4E09-96F0-C5574BE3B912}.Release|Any CPU.ActiveCfg = Release|Any CPU
		{A3826808-527C-4E09-96F0-C5574BE3B912}.Release|Any CPU.Build.0 = Release|Any CPU
	EndGlobalSection
	GlobalSection(SolutionProperties) = preSolution
		HideSolutionNode = FALSE
	EndGlobalSection
	GlobalSection(NestedProjects) = preSolution
		{02EA681E-C7D8-13C7-8484-4AC65E1B71E8} = {1DBE95B8-EEB0-40A0-833F-FAB541D52134}
		{D373E7AF-1249-7203-0D9A-350EC50DED60} = {02EA681E-C7D8-13C7-8484-4AC65E1B71E8}
		{866C1F7F-47A7-46C2-DF29-18FC1F016ED1} = {02EA681E-C7D8-13C7-8484-4AC65E1B71E8}
		{09F25945-4606-23A6-3F53-5C014B0C86DF} = {02EA681E-C7D8-13C7-8484-4AC65E1B71E8}
		{36716AFF-71E2-612B-2069-C84BCABC08E3} = {02EA681E-C7D8-13C7-8484-4AC65E1B71E8}
		{38FE9A30-64C2-4B2A-96C4-FA90D6A63F9A} = {1DBE95B8-EEB0-40A0-833F-FAB541D52134}
		{B2A35D6A-0257-49C2-B03C-F273745658AD} = {38FE9A30-64C2-4B2A-96C4-FA90D6A63F9A}
		{A5A15186-CC2F-4730-87E1-ABCF3BCA491E} = {38FE9A30-64C2-4B2A-96C4-FA90D6A63F9A}
		{19A0779B-1645-43DD-A405-111D5CB1F10A} = {38FE9A30-64C2-4B2A-96C4-FA90D6A63F9A}
		{E7561E9A-6695-4C2E-A252-D870EA25B27C} = {38FE9A30-64C2-4B2A-96C4-FA90D6A63F9A}
		{49BB9E8A-B5D7-43BE-928B-19AE680C70C4} = {38FE9A30-64C2-4B2A-96C4-FA90D6A63F9A}
		{894D5B16-B41C-4C0E-A956-CC2079E9B263} = {02EA681E-C7D8-13C7-8484-4AC65E1B71E8}
		{47569747-7E78-4ED6-8A52-8123730893EE} = {38FE9A30-64C2-4B2A-96C4-FA90D6A63F9A}
		{A0B057D1-3EA3-4185-BFFB-A91E4CFD3751} = {A7E9BA92-A42E-4D00-B913-724EED674C97}
		{A3826808-527C-4E09-96F0-C5574BE3B912} = {A7E9BA92-A42E-4D00-B913-724EED674C97}
	EndGlobalSection
	GlobalSection(ExtensibilityGlobals) = postSolution
		SolutionGuid = {CCC01183-6F49-4041-9575-9A850095570C}
	EndGlobalSection
EndGlobal
